
Microsoft Visual Studio Solution File, Format Version 12.00
# Visual Studio Version 17
VisualStudioVersion = 17.0.31903.59
MinimumVisualStudioVersion = 10.0.40219.1
Project("{2150E333-8FDC-42A3-9474-1A3956D46DE8}") = "src", "src", "{827E0CD3-B72D-47B6-A68D-7590B98EB39B}"
EndProject
Project("{FAE04EC0-301F-11D3-BF4B-00C04F79EFBC}") = "DouyinContentGenerator.API", "src\DouyinContentGenerator.API\DouyinContentGenerator.API.csproj", "{60FF803D-B181-4F8F-BF53-EB2919B11E3E}"
EndProject
Project("{FAE04EC0-301F-11D3-BF4B-00C04F79EFBC}") = "DouyinContentGenerator.Core", "src\DouyinContentGenerator.Core\DouyinContentGenerator.Core.csproj", "{BA1DA48C-BF8A-44CE-B78E-A86CB925DD13}"
EndProject
Project("{FAE04EC0-301F-11D3-BF4B-00C04F79EFBC}") = "DouyinContentGenerator.Infrastructure", "src\DouyinContentGenerator.Infrastructure\DouyinContentGenerator.Infrastructure.csproj", "{42677F43-B8C8-4BE6-B6C4-7C28A0E76297}"
EndProject
Project("{2150E333-8FDC-42A3-9474-1A3956D46DE8}") = "tests", "tests", "{0AB3BF05-4346-4AA6-1389-037BE0695223}"
EndProject
Project("{FAE04EC0-301F-11D3-BF4B-00C04F79EFBC}") = "DouyinContentGenerator.Tests", "tests\DouyinContentGenerator.Tests\DouyinContentGenerator.Tests.csproj", "{7F00DBD8-4B43-4143-90C9-D462BCBBC174}"
EndProject
Global
	GlobalSection(SolutionConfigurationPlatforms) = preSolution
		Debug|Any CPU = Debug|Any CPU
		Debug|x64 = Debug|x64
		Debug|x86 = Debug|x86
		Release|Any CPU = Release|Any CPU
		Release|x64 = Release|x64
		Release|x86 = Release|x86
	EndGlobalSection
	GlobalSection(ProjectConfigurationPlatforms) = postSolution
		{60FF803D-B181-4F8F-BF53-EB2919B11E3E}.Debug|Any CPU.ActiveCfg = Debug|Any CPU
		{60FF803D-B181-4F8F-BF53-EB2919B11E3E}.Debug|Any CPU.Build.0 = Debug|Any CPU
		{60FF803D-B181-4F8F-BF53-EB2919B11E3E}.Debug|x64.ActiveCfg = Debug|Any CPU
		{60FF803D-B181-4F8F-BF53-EB2919B11E3E}.Debug|x64.Build.0 = Debug|Any CPU
		{60FF803D-B181-4F8F-BF53-EB2919B11E3E}.Debug|x86.ActiveCfg = Debug|Any CPU
		{60FF803D-B181-4F8F-BF53-EB2919B11E3E}.Debug|x86.Build.0 = Debug|Any CPU
		{60FF803D-B181-4F8F-BF53-EB2919B11E3E}.Release|Any CPU.ActiveCfg = Release|Any CPU
		{60FF803D-B181-4F8F-BF53-EB2919B11E3E}.Release|Any CPU.Build.0 = Release|Any CPU
		{60FF803D-B181-4F8F-BF53-EB2919B11E3E}.Release|x64.ActiveCfg = Release|Any CPU
		{60FF803D-B181-4F8F-BF53-EB2919B11E3E}.Release|x64.Build.0 = Release|Any CPU
		{60FF803D-B181-4F8F-BF53-EB2919B11E3E}.Release|x86.ActiveCfg = Release|Any CPU
		{60FF803D-B181-4F8F-BF53-EB2919B11E3E}.Release|x86.Build.0 = Release|Any CPU
		{BA1DA48C-BF8A-44CE-B78E-A86CB925DD13}.Debug|Any CPU.ActiveCfg = Debug|Any CPU
		{BA1DA48C-BF8A-44CE-B78E-A86CB925DD13}.Debug|Any CPU.Build.0 = Debug|Any CPU
		{BA1DA48C-BF8A-44CE-B78E-A86CB925DD13}.Debug|x64.ActiveCfg = Debug|Any CPU
		{BA1DA48C-BF8A-44CE-B78E-A86CB925DD13}.Debug|x64.Build.0 = Debug|Any CPU
		{BA1DA48C-BF8A-44CE-B78E-A86CB925DD13}.Debug|x86.ActiveCfg = Debug|Any CPU
		{BA1DA48C-BF8A-44CE-B78E-A86CB925DD13}.Debug|x86.Build.0 = Debug|Any CPU
		{BA1DA48C-BF8A-44CE-B78E-A86CB925DD13}.Release|Any CPU.ActiveCfg = Release|Any CPU
		{BA1DA48C-BF8A-44CE-B78E-A86CB925DD13}.Release|Any CPU.Build.0 = Release|Any CPU
		{BA1DA48C-BF8A-44CE-B78E-A86CB925DD13}.Release|x64.ActiveCfg = Release|Any CPU
		{BA1DA48C-BF8A-44CE-B78E-A86CB925DD13}.Release|x64.Build.0 = Release|Any CPU
		{BA1DA48C-BF8A-44CE-B78E-A86CB925DD13}.Release|x86.ActiveCfg = Release|Any CPU
		{BA1DA48C-BF8A-44CE-B78E-A86CB925DD13}.Release|x86.Build.0 = Release|Any CPU
		{42677F43-B8C8-4BE6-B6C4-7C28A0E76297}.Debug|Any CPU.ActiveCfg = Debug|Any CPU
		{42677F43-B8C8-4BE6-B6C4-7C28A0E76297}.Debug|Any CPU.Build.0 = Debug|Any CPU
		{42677F43-B8C8-4BE6-B6C4-7C28A0E76297}.Debug|x64.ActiveCfg = Debug|Any CPU
		{42677F43-B8C8-4BE6-B6C4-7C28A0E76297}.Debug|x64.Build.0 = Debug|Any CPU
		{42677F43-B8C8-4BE6-B6C4-7C28A0E76297}.Debug|x86.ActiveCfg = Debug|Any CPU
		{42677F43-B8C8-4BE6-B6C4-7C28A0E76297}.Debug|x86.Build.0 = Debug|Any CPU
		{42677F43-B8C8-4BE6-B6C4-7C28A0E76297}.Release|Any CPU.ActiveCfg = Release|Any CPU
		{42677F43-B8C8-4BE6-B6C4-7C28A0E76297}.Release|Any CPU.Build.0 = Release|Any CPU
		{42677F43-B8C8-4BE6-B6C4-7C28A0E76297}.Release|x64.ActiveCfg = Release|Any CPU
		{42677F43-B8C8-4BE6-B6C4-7C28A0E76297}.Release|x64.Build.0 = Release|Any CPU
		{42677F43-B8C8-4BE6-B6C4-7C28A0E76297}.Release|x86.ActiveCfg = Release|Any CPU
		{42677F43-B8C8-4BE6-B6C4-7C28A0E76297}.Release|x86.Build.0 = Release|Any CPU
		{7F00DBD8-4B43-4143-90C9-D462BCBBC174}.Debug|Any CPU.ActiveCfg = Debug|Any CPU
		{7F00DBD8-4B43-4143-90C9-D462BCBBC174}.Debug|Any CPU.Build.0 = Debug|Any CPU
		{7F00DBD8-4B43-4143-90C9-D462BCBBC174}.Debug|x64.ActiveCfg = Debug|Any CPU
		{7F00DBD8-4B43-4143-90C9-D462BCBBC174}.Debug|x64.Build.0 = Debug|Any CPU
		{7F00DBD8-4B43-4143-90C9-D462BCBBC174}.Debug|x86.ActiveCfg = Debug|Any CPU
		{7F00DBD8-4B43-4143-90C9-D462BCBBC174}.Debug|x86.Build.0 = Debug|Any CPU
		{7F00DBD8-4B43-4143-90C9-D462BCBBC174}.Release|Any CPU.ActiveCfg = Release|Any CPU
		{7F00DBD8-4B43-4143-90C9-D462BCBBC174}.Release|Any CPU.Build.0 = Release|Any CPU
		{7F00DBD8-4B43-4143-90C9-D462BCBBC174}.Release|x64.ActiveCfg = Release|Any CPU
		{7F00DBD8-4B43-4143-90C9-D462BCBBC174}.Release|x64.Build.0 = Release|Any CPU
		{7F00DBD8-4B43-4143-90C9-D462BCBBC174}.Release|x86.ActiveCfg = Release|Any CPU
		{7F00DBD8-4B43-4143-90C9-D462BCBBC174}.Release|x86.Build.0 = Release|Any CPU
	EndGlobalSection
	GlobalSection(SolutionProperties) = preSolution
		HideSolutionNode = FALSE
	EndGlobalSection
	GlobalSection(NestedProjects) = preSolution
		{60FF803D-B181-4F8F-BF53-EB2919B11E3E} = {827E0CD3-B72D-47B6-A68D-7590B98EB39B}
		{BA1DA48C-BF8A-44CE-B78E-A86CB925DD13} = {827E0CD3-B72D-47B6-A68D-7590B98EB39B}
		{42677F43-B8C8-4BE6-B6C4-7C28A0E76297} = {827E0CD3-B72D-47B6-A68D-7590B98EB39B}
		{7F00DBD8-4B43-4143-90C9-D462BCBBC174} = {0AB3BF05-4346-4AA6-1389-037BE0695223}
	EndGlobalSection
EndGlobal
